version = 1
revision = 3
requires-python = ">=3.11"

[[package]]
name = "bible-reader"
version = "2.0.2"
source = { editable = "." }
dependencies = [
    { name = "filelock" },
    { name = "xdg-base-dirs" },
]

[package.metadata]
requires-dist = [
    { name = "filelock", specifier = ">=3.13,<4" },
    { name = "xdg-base-dirs" },
]

[[package]]
name = "filelock"
version = "3.28.0"
source = { registry = "https://pypi.org/simple" }
sdist = { url = "https://files.pythonhosted.org/packages/d6/17/6e8890271880903e3538660a21d63a6c1fea969ac71d0d6b608b78727fa9/filelock-3.28.0.tar.gz", hash = "sha256:4ed1010aae813c4ee8d9c660e4792475ee60c4a0ba76073ceaf862bd317e3ca6", size = 56474, upload-time = "2026-04-14T22:54:33.625Z" }
wheels = [
    { url = "https://files.pythonhosted.org/packages/3b/21/2f728888c45033d34a417bfcd248ea2564c9e08ab1bfd301377cf05d5586/filelock-3.28.0-py3-none-any.whl", hash = "sha256:de9af6712788e7171df1b28b15eba2446c69721433fa427a9bee07b17820a9db", size = 39189, upload-time = "2026-04-14T22:54:32.037Z" },
]

[[package]]
name = "xdg-base-dirs"
version = "6.0.2"
source = { registry = "https://pypi.org/simple" }
sdist = { url = "https://files.pythonhosted.org/packages/bf/d0/bbe05a15347538aaf9fa5b51ac3b97075dfb834931fcb77d81fbdb69e8f6/xdg_base_dirs-6.0.2.tar.gz", hash = "sha256:950504e14d27cf3c9cb37744680a43bf0ac42efefc4ef4acf98dc736cab2bced", size = 4085, upload-time = "2024-10-19T14:35:08.114Z" }
wheels = [
    { url = "https://files.pythonhosted.org/packages/fc/03/030b47fd46b60fc87af548e57ff59c2ca84b2a1dadbe721bb0ce33896b2e/xdg_base_dirs-6.0.2-py3-none-any.whl", hash = "sha256:3c01d1b758ed4ace150ac960ac0bd13ce4542b9e2cdf01312dcda5012cfebabe", size = 4747, upload-time = "2024-10-19T14:35:05.931Z" },
]
